
Microsoft Visual Studio Solution File, Format Version 12.00
# Visual Studio 15
VisualStudioVersion = 15.0.27703.2042
MinimumVisualStudioVersion = 10.0.40219.1
Project("{FAE04EC0-301F-11D3-BF4B-00C04F79EFBC}") = "Curso.Udemy", "Curso.Udemy\Curso.Udemy.csproj", "{BE866677-F76C-4643-BBB0-6D73FFB33DAB}"
EndProject
Project("{E53339B2-1760-4266-BCC7-CA923CBCF16C}") = "docker-compose", "docker-compose.dcproj", "{BA85AA6D-7F11-4A54-B0B2-02E240FEFA48}"
EndProject
Global
	GlobalSection(SolutionConfigurationPlatforms) = preSolution
		Debug|Any CPU = Debug|Any CPU
		Release|Any CPU = Release|Any CPU
	EndGlobalSection
	GlobalSection(ProjectConfigurationPlatforms) = postSolution
		{BE866677-F76C-4643-BBB0-6D73FFB33DAB}.Debug|Any CPU.ActiveCfg = Debug|Any CPU
		{BE866677-F76C-4643-BBB0-6D73FFB33DAB}.Debug|Any CPU.Build.0 = Debug|Any CPU
		{BE866677-F76C-4643-BBB0-6D73FFB33DAB}.Release|Any CPU.ActiveCfg = Release|Any CPU
		{BE866677-F76C-4643-BBB0-6D73FFB33DAB}.Release|Any CPU.Build.0 = Release|Any CPU
		{BA85AA6D-7F11-4A54-B0B2-02E240FEFA48}.Debug|Any CPU.ActiveCfg = Debug|Any CPU
		{BA85AA6D-7F11-4A54-B0B2-02E240FEFA48}.Debug|Any CPU.Build.0 = Debug|Any CPU
		{BA85AA6D-7F11-4A54-B0B2-02E240FEFA48}.Release|Any CPU.ActiveCfg = Release|Any CPU
		{BA85AA6D-7F11-4A54-B0B2-02E240FEFA48}.Release|Any CPU.Build.0 = Release|Any CPU
	EndGlobalSection
	GlobalSection(SolutionProperties) = preSolution
		HideSolutionNode = FALSE
	EndGlobalSection
	GlobalSection(ExtensibilityGlobals) = postSolution
		SolutionGuid = {D0DCD8C8-B1AF-4844-A05E-97A5C375300A}
	EndGlobalSection
EndGlobal
